Microsoft Visual Studio Solution File, Format Version 12.00
# Visual Studio Version 17
VisualStudioVersion = 17.5.2.0
MinimumVisualStudioVersion = 10.0.40219.1
Project("{FAE04EC0-301F-11D3-BF4B-00C04F79EFBC}") = "Khai-bao-bien", "Khai-bao-bien.csproj", "{58BED541-67F9-CCB7-22A5-777CAA7EC23B}"
EndProject
Global
	GlobalSection(SolutionConfigurationPlatforms) = preSolution
		Debug|Any CPU = Debug|Any CPU
		Release|Any CPU = Release|Any CPU
	EndGlobalSection
	GlobalSection(ProjectConfigurationPlatforms) = postSolution
		{58BED541-67F9-CCB7-22A5-777CAA7EC23B}.Debug|Any CPU.ActiveCfg = Debug|Any CPU
		{58BED541-67F9-CCB7-22A5-777CAA7EC23B}.Debug|Any CPU.Build.0 = Debug|Any CPU
		{58BED541-67F9-CCB7-22A5-777CAA7EC23B}.Release|Any CPU.ActiveCfg = Release|Any CPU
		{58BED541-67F9-CCB7-22A5-777CAA7EC23B}.Release|Any CPU.Build.0 = Release|Any CPU
	EndGlobalSection
	GlobalSection(SolutionProperties) = preSolution
		HideSolutionNode = FALSE
	EndGlobalSection
	GlobalSection(ExtensibilityGlobals) = postSolution
		SolutionGuid = {2B734D7F-4ED4-4011-BD8C-8A13FC6DE462}
	EndGlobalSection
EndGlobal
